
Microsoft Visual Studio Solution File, Format Version 12.00
# Visual Studio Version 16
VisualStudioVersion = 16.0.31025.194
MinimumVisualStudioVersion = 10.0.40219.1
Project("{FAE04EC0-301F-11D3-BF4B-00C04F79EFBC}") = "ToDoIt", "ToDoIt\ToDoIt.csproj", "{51D88064-D28F-4D65-A9D7-4A8D97BB78FF}"
EndProject
Project("{FAE04EC0-301F-11D3-BF4B-00C04F79EFBC}") = "ToDoIt.Tests", "ToDoIt.Tests\ToDoIt.Tests.csproj", "{B0612C12-4309-43D8-90DD-44F1E9415AD4}"
EndProject
Global
	GlobalSection(SolutionConfigurationPlatforms) = preSolution
		Debug|Any CPU = Debug|Any CPU
		Release|Any CPU = Release|Any CPU
	EndGlobalSection
	GlobalSection(ProjectConfigurationPlatforms) = postSolution
		{51D88064-D28F-4D65-A9D7-4A8D97BB78FF}.Debug|Any CPU.ActiveCfg = Debug|Any CPU
		{51D88064-D28F-4D65-A9D7-4A8D97BB78FF}.Debug|Any CPU.Build.0 = Debug|Any CPU
		{51D88064-D28F-4D65-A9D7-4A8D97BB78FF}.Release|Any CPU.ActiveCfg = Release|Any CPU
		{51D88064-D28F-4D65-A9D7-4A8D97BB78FF}.Release|Any CPU.Build.0 = Release|Any CPU
		{B0612C12-4309-43D8-90DD-44F1E9415AD4}.Debug|Any CPU.ActiveCfg = Debug|Any CPU
		{B0612C12-4309-43D8-90DD-44F1E9415AD4}.Debug|Any CPU.Build.0 = Debug|Any CPU
		{B0612C12-4309-43D8-90DD-44F1E9415AD4}.Release|Any CPU.ActiveCfg = Release|Any CPU
		{B0612C12-4309-43D8-90DD-44F1E9415AD4}.Release|Any CPU.Build.0 = Release|Any CPU
	EndGlobalSection
	GlobalSection(SolutionProperties) = preSolution
		HideSolutionNode = FALSE
	EndGlobalSection
	GlobalSection(ExtensibilityGlobals) = postSolution
		SolutionGuid = {FF9DDE68-1C2D-460D-973E-D95EEBA97A98}
	EndGlobalSection
EndGlobal
